
Microsoft Visual Studio Solution File, Format Version 12.00
# Visual Studio 15
VisualStudioVersion = 15.0.27520.0
MinimumVisualStudioVersion = 10.0.40219.1
Project("{9A19103F-16F7-4668-BE54-9A1E7A4F7556}") = "AspNetCoreUIVueJSignalR", "AspNetCoreUIVueJs\AspNetCoreUIVueJSignalR.csproj", "{EE170521-5D17-4252-9658-9B79941C39B0}"
EndProject
Global
	GlobalSection(SolutionConfigurationPlatforms) = preSolution
		Debug|Any CPU = Debug|Any CPU
		Release|Any CPU = Release|Any CPU
	EndGlobalSection
	GlobalSection(ProjectConfigurationPlatforms) = postSolution
		{EE170521-5D17-4252-9658-9B79941C39B0}.Debug|Any CPU.ActiveCfg = Debug|Any CPU
		{EE170521-5D17-4252-9658-9B79941C39B0}.Debug|Any CPU.Build.0 = Debug|Any CPU
		{EE170521-5D17-4252-9658-9B79941C39B0}.Release|Any CPU.ActiveCfg = Release|Any CPU
		{EE170521-5D17-4252-9658-9B79941C39B0}.Release|Any CPU.Build.0 = Release|Any CPU
	EndGlobalSection
	GlobalSection(SolutionProperties) = preSolution
		HideSolutionNode = FALSE
	EndGlobalSection
	GlobalSection(ExtensibilityGlobals) = postSolution
		SolutionGuid = {939931EC-A720-44A8-912A-E0CFECF1CF1C}
	EndGlobalSection
EndGlobal
